// !$*UTF8*$!
{
	archiveVersion = 1;
	classes = {
	};
	objectVersion = 56;
	objects = {

/* Begin PBXBuildFile section */
		AEDE3FA22A0B8A69001B949B /* ReceiveMsgProtocol.swift in Sources */ = {isa = PBXBuildFile; fileRef = AEDE3FA12A0B8A69001B949B /* ReceiveMsgProtocol.swift */; };
		AEDE3FA82A0B8C80001B949B /* Constants.swift in Sources */ = {isa = PBXBuildFile; fileRef = AEDE3FA72A0B8C80001B949B /* Constants.swift */; };
		AEDE3FAB2A0B8DA8001B949B /* Message.swift in Sources */ = {isa = PBXBuildFile; fileRef = AEDE3FAA2A0B8DA8001B949B /* Message.swift */; };
		AEDE3FAE2A0BC8B6001B949B /* StringExtensions.swift in Sources */ = {isa = PBXBuildFile; fileRef = AEDE3FAD2A0BC8B6001B949B /* StringExtensions.swift */; };
		AEF4F3632A03915C00869FA7 /* AppDelegate.swift in Sources */ = {isa = PBXBuildFile; fileRef = AEF4F3622A03915C00869FA7 /* AppDelegate.swift */; };
		AEF4F3652A03915C00869FA7 /* SceneDelegate.swift in Sources */ = {isa = PBXBuildFile; fileRef = AEF4F3642A03915C00869FA7 /* SceneDelegate.swift */; };
		AEF4F3672A03915C00869FA7 /* LogInViewController.swift in Sources */ = {isa = PBXBuildFile; fileRef = AEF4F3662A03915C00869FA7 /* LogInViewController.swift */; };
		AEF4F36A2A03915C00869FA7 /* Main.storyboard in Resources */ = {isa = PBXBuildFile; fileRef = AEF4F3682A03915C00869FA7 /* Main.storyboard */; };
		AEF4F36C2A03915D00869FA7 /* Assets.xcassets in Resources */ = {isa = PBXBuildFile; fileRef = AEF4F36B2A03915D00869FA7 /* Assets.xcassets */; };
		AEF4F36F2A03915D00869FA7 /* LaunchScreen.storyboard in Resources */ = {isa = PBXBuildFile; fileRef = AEF4F36D2A03915D00869FA7 /* LaunchScreen.storyboard */; };
		AEF4F3772A03AC8A00869FA7 /* MainPageViewController.swift in Sources */ = {isa = PBXBuildFile; fileRef = AEF4F3762A03AC8A00869FA7 /* MainPageViewController.swift */; };
		D2162404BD6D3BEA1820B7EC /* Pods_LightMeApp.framework in Frameworks */ = {isa = PBXBuildFile; fileRef = ABA472C7F6F9DAFC7B76A54E /* Pods_LightMeApp.framework */; };
		E8D3AEC62A0623B300FAB82C /* MqttManager.swift in Sources */ = {isa = PBXBuildFile; fileRef = E8D3AEC52A0623B300FAB82C /* MqttManager.swift */; };
		E8E664E42A08256D00750DC1 /* SubscribeToNewTopicViewController.swift in Sources */ = {isa = PBXBuildFile; fileRef = E8E664E32A08256D00750DC1 /* SubscribeToNewTopicViewController.swift */; };
/* End PBXBuildFile section */

/* Begin PBXFileReference section */
		3F601903B83AE1E178F2F3FF /* Pods-LightMeApp.debug.xcconfig */ = {isa = PBXFileReference; includeInIndex = 1; lastKnownFileType = text.xcconfig; name = "Pods-LightMeApp.debug.xcconfig"; path = "Target Support Files/Pods-LightMeApp/Pods-LightMeApp.debug.xcconfig"; sourceTree = "<group>"; };
		ABA472C7F6F9DAFC7B76A54E /* Pods_LightMeApp.framework */ = {isa = PBXFileReference; explicitFileType = wrapper.framework; includeInIndex = 0; path = Pods_LightMeApp.framework; sourceTree = BUILT_PRODUCTS_DIR; };
		AEDE3FA12A0B8A69001B949B /* ReceiveMsgProtocol.swift */ = {isa = PBXFileReference; lastKnownFileType = sourcecode.swift; path = ReceiveMsgProtocol.swift; sourceTree = "<group>"; };
		AEDE3FA72A0B8C80001B949B /* Constants.swift */ = {isa = PBXFileReference; lastKnownFileType = sourcecode.swift; path = Constants.swift; sourceTree = "<group>"; };
		AEDE3FAA2A0B8DA8001B949B /* Message.swift */ = {isa = PBXFileReference; lastKnownFileType = sourcecode.swift; path = Message.swift; sourceTree = "<group>"; };
		AEDE3FAD2A0BC8B6001B949B /* StringExtensions.swift */ = {isa = PBXFileReference; lastKnownFileType = sourcecode.swift; path = StringExtensions.swift; sourceTree = "<group>"; };
		AEF4F35F2A03915C00869FA7 /* LightMeApp.app */ = {isa = PBXFileReference; explicitFileType = wrapper.application; includeInIndex = 0; path = LightMeApp.app; sourceTree = BUILT_PRODUCTS_DIR; };
		AEF4F3622A03915C00869FA7 /* AppDelegate.swift */ = {isa = PBXFileReference; lastKnownFileType = sourcecode.swift; path = AppDelegate.swift; sourceTree = "<group>"; };
		AEF4F3642A03915C00869FA7 /* SceneDelegate.swift */ = {isa = PBXFileReference; lastKnownFileType = sourcecode.swift; path = SceneDelegate.swift; sourceTree = "<group>"; };
		AEF4F3662A03915C00869FA7 /* LogInViewController.swift */ = {isa = PBXFileReference; lastKnownFileType = sourcecode.swift; path = LogInViewController.swift; sourceTree = "<group>"; };
		AEF4F3692A03915C00869FA7 /* Base */ = {isa = PBXFileReference; lastKnownFileType = file.storyboard; name = Base; path = Base.lproj/Main.storyboard; sourceTree = "<group>"; };
		AEF4F36B2A03915D00869FA7 /* Assets.xcassets */ = {isa = PBXFileReference; lastKnownFileType = folder.assetcatalog; path = Assets.xcassets; sourceTree = "<group>"; };
		AEF4F36E2A03915D00869FA7 /* Base */ = {isa = PBXFileReference; lastKnownFileType = file.storyboard; name = Base; path = Base.lproj/LaunchScreen.storyboard; sourceTree = "<group>"; };
		AEF4F3702A03915D00869FA7 /* Info.plist */ = {isa = PBXFileReference; lastKnownFileType = text.plist.xml; path = Info.plist; sourceTree = "<group>"; };
		AEF4F3762A03AC8A00869FA7 /* MainPageViewController.swift */ = {isa = PBXFileReference; lastKnownFileType = sourcecode.swift; path = MainPageViewController.swift; sourceTree = "<group>"; };
		CA6D8EE8FB95A298E8C2669B /* Pods-LightMeApp.release.xcconfig */ = {isa = PBXFileReference; includeInIndex = 1; lastKnownFileType = text.xcconfig; name = "Pods-LightMeApp.release.xcconfig"; path = "Target Support Files/Pods-LightMeApp/Pods-LightMeApp.release.xcconfig"; sourceTree = "<group>"; };
		E8D3AEC52A0623B300FAB82C /* MqttManager.swift */ = {isa = PBXFileReference; lastKnownFileType = sourcecode.swift; path = MqttManager.swift; sourceTree = "<group>"; };
		E8E664E32A08256D00750DC1 /* SubscribeToNewTopicViewController.swift */ = {isa = PBXFileReference; lastKnownFileType = sourcecode.swift; path = SubscribeToNewTopicViewController.swift; sourceTree = "<group>"; };
/* End PBXFileReference section */

/* Begin PBXFrameworksBuildPhase section */
		AEF4F35C2A03915C00869FA7 /* Frameworks */ = {
			isa = PBXFrameworksBuildPhase;
			buildActionMask = 2147483647;
			files = (
				D2162404BD6D3BEA1820B7EC /* Pods_LightMeApp.framework in Frameworks */,
			);
			runOnlyForDeploymentPostprocessing = 0;
		};
/* End PBXFrameworksBuildPhase section */

/* Begin PBXGroup section */
		AEDE3FA02A0B8A41001B949B /* Protocols */ = {
			isa = PBXGroup;
			children = (
				AEDE3FA12A0B8A69001B949B /* ReceiveMsgProtocol.swift */,
			);
			path = Protocols;
			sourceTree = "<group>";
		};
		AEDE3FA32A0B8B11001B949B /* Extensions */ = {
			isa = PBXGroup;
			children = (
				AEDE3FAD2A0BC8B6001B949B /* StringExtensions.swift */,
			);
			path = Extensions;
			sourceTree = "<group>";
		};
		AEDE3FA62A0B8C6D001B949B /* Utilities */ = {
			isa = PBXGroup;
			children = (
				E8D3AEC52A0623B300FAB82C /* MqttManager.swift */,
				AEDE3FA72A0B8C80001B949B /* Constants.swift */,
			);
			path = Utilities;
			sourceTree = "<group>";
		};
		AEDE3FA92A0B8D96001B949B /* Objects */ = {
			isa = PBXGroup;
			children = (
				AEDE3FAA2A0B8DA8001B949B /* Message.swift */,
			);
			path = Objects;
			sourceTree = "<group>";
		};
		AEDE3FAC2A0B9260001B949B /* ViewControllers */ = {
			isa = PBXGroup;
			children = (
				AEF4F3662A03915C00869FA7 /* LogInViewController.swift */,
				E8E664E32A08256D00750DC1 /* SubscribeToNewTopicViewController.swift */,
				AEF4F3762A03AC8A00869FA7 /* MainPageViewController.swift */,
			);
			path = ViewControllers;
			sourceTree = "<group>";
		};
		AEF4F3562A03915C00869FA7 = {
			isa = PBXGroup;
			children = (
				AEF4F3612A03915C00869FA7 /* LightMeApp */,
				AEF4F3602A03915C00869FA7 /* Products */,
				D615E1938A421E6C39BBCD19 /* Pods */,
				BDF6AA84179A25C98A801EAE /* Frameworks */,
			);
			sourceTree = "<group>";
		};
		AEF4F3602A03915C00869FA7 /* Products */ = {
			isa = PBXGroup;
			children = (
				AEF4F35F2A03915C00869FA7 /* LightMeApp.app */,
			);
			name = Products;
			sourceTree = "<group>";
		};
		AEF4F3612A03915C00869FA7 /* LightMeApp */ = {
			isa = PBXGroup;
			children = (
				AEDE3FAC2A0B9260001B949B /* ViewControllers */,
				AEDE3FA92A0B8D96001B949B /* Objects */,
				AEDE3FA62A0B8C6D001B949B /* Utilities */,
				AEDE3FA32A0B8B11001B949B /* Extensions */,
				AEDE3FA02A0B8A41001B949B /* Protocols */,
				AEF4F3622A03915C00869FA7 /* AppDelegate.swift */,
				AEF4F3642A03915C00869FA7 /* SceneDelegate.swift */,
				AEF4F3682A03915C00869FA7 /* Main.storyboard */,
				AEF4F36B2A03915D00869FA7 /* Assets.xcassets */,
				AEF4F36D2A03915D00869FA7 /* LaunchScreen.storyboard */,
				AEF4F3702A03915D00869FA7 /* Info.plist */,
			);
			path = LightMeApp;
			sourceTree = "<group>";
		};
		BDF6AA84179A25C98A801EAE /* Frameworks */ = {
			isa = PBXGroup;
			children = (
				ABA472C7F6F9DAFC7B76A54E /* Pods_LightMeApp.framework */,
			);
			name = Frameworks;
			sourceTree = "<group>";
		};
		D615E1938A421E6C39BBCD19 /* Pods */ = {
			isa = PBXGroup;
			children = (
				3F601903B83AE1E178F2F3FF /* Pods-LightMeApp.debug.xcconfig */,
				CA6D8EE8FB95A298E8C2669B /* Pods-LightMeApp.release.xcconfig */,
			);
			path = Pods;
			sourceTree = "<group>";
		};
/* End PBXGroup section */

/* Begin PBXNativeTarget section */
		AEF4F35E2A03915C00869FA7 /* LightMeApp */ = {
			isa = PBXNativeTarget;
			buildConfigurationList = AEF4F3732A03915D00869FA7 /* Build configuration list for PBXNativeTarget "LightMeApp" */;
			buildPhases = (
				161A163298063C8E558C8D84 /* [CP] Check Pods Manifest.lock */,
				AEF4F35B2A03915C00869FA7 /* Sources */,
				AEF4F35C2A03915C00869FA7 /* Frameworks */,
				AEF4F35D2A03915C00869FA7 /* Resources */,
				25FD1BEF8967C9F42EFECB1E /* [CP] Embed Pods Frameworks */,
			);
			buildRules = (
			);
			dependencies = (
			);
			name = LightMeApp;
			productName = LightMeApp;
			productReference = AEF4F35F2A03915C00869FA7 /* LightMeApp.app */;
			productType = "com.apple.product-type.application";
		};
/* End PBXNativeTarget section */

/* Begin PBXProject section */
		AEF4F3572A03915C00869FA7 /* Project object */ = {
			isa = PBXProject;
			attributes = {
				BuildIndependentTargetsInParallel = 1;
				LastSwiftUpdateCheck = 1430;
				LastUpgradeCheck = 1430;
				TargetAttributes = {
					AEF4F35E2A03915C00869FA7 = {
						CreatedOnToolsVersion = 14.3;
					};
				};
			};
			buildConfigurationList = AEF4F35A2A03915C00869FA7 /* Build configuration list for PBXProject "LightMeApp" */;
			compatibilityVersion = "Xcode 14.0";
			developmentRegion = en;
			hasScannedForEncodings = 0;
			knownRegions = (
				en,
				Base,
			);
			mainGroup = AEF4F3562A03915C00869FA7;
			productRefGroup = AEF4F3602A03915C00869FA7 /* Products */;
			projectDirPath = "";
			projectRoot = "";
			targets = (
				AEF4F35E2A03915C00869FA7 /* LightMeApp */,
			);
		};
/* End PBXProject section */

/* Begin PBXResourcesBuildPhase section */
		AEF4F35D2A03915C00869FA7 /* Resources */ = {
			isa = PBXResourcesBuildPhase;
			buildActionMask = 2147483647;
			files = (
				AEF4F36F2A03915D00869FA7 /* LaunchScreen.storyboard in Resources */,
				AEF4F36C2A03915D00869FA7 /* Assets.xcassets in Resources */,
				AEF4F36A2A03915C00869FA7 /* Main.storyboard in Resources */,
			);
			runOnlyForDeploymentPostprocessing = 0;
		};
/* End PBXResourcesBuildPhase section */

/* Begin PBXShellScriptBuildPhase section */
		161A163298063C8E558C8D84 /* [CP] Check Pods Manifest.lock */ = {
			isa = PBXShellScriptBuildPhase;
			buildActionMask = 2147483647;
			files = (
			);
			inputFileListPaths = (
			);
			inputPaths = (
				"${PODS_PODFILE_DIR_PATH}/Podfile.lock",
				"${PODS_ROOT}/Manifest.lock",
			);
			name = "[CP] Check Pods Manifest.lock";
			outputFileListPaths = (
			);
			outputPaths = (
				"$(DERIVED_FILE_DIR)/Pods-LightMeApp-checkManifestLockResult.txt",
			);
			runOnlyForDeploymentPostprocessing = 0;
			shellPath = /bin/sh;
			shellScript = "diff \"${PODS_PODFILE_DIR_PATH}/Podfile.lock\" \"${PODS_ROOT}/Manifest.lock\" > /dev/null\nif [ $? != 0 ] ; then\n    # print error to STDERR\n    echo \"error: The sandbox is not in sync with the Podfile.lock. Run 'pod install' or update your CocoaPods installation.\" >&2\n    exit 1\nfi\n# This output is used by Xcode 'outputs' to avoid re-running this script phase.\necho \"SUCCESS\" > \"${SCRIPT_OUTPUT_FILE_0}\"\n";
			showEnvVarsInLog = 0;
		};
		25FD1BEF8967C9F42EFECB1E /* [CP] Embed Pods Frameworks */ = {
			isa = PBXShellScriptBuildPhase;
			buildActionMask = 2147483647;
			files = (
			);
			inputFileListPaths = (
				"${PODS_ROOT}/Target Support Files/Pods-LightMeApp/Pods-LightMeApp-frameworks-${CONFIGURATION}-input-files.xcfilelist",
			);
			name = "[CP] Embed Pods Frameworks";
			outputFileListPaths = (
				"${PODS_ROOT}/Target Support Files/Pods-LightMeApp/Pods-LightMeApp-frameworks-${CONFIGURATION}-output-files.xcfilelist",
			);
			runOnlyForDeploymentPostprocessing = 0;
			shellPath = /bin/sh;
			shellScript = "\"${PODS_ROOT}/Target Support Files/Pods-LightMeApp/Pods-LightMeApp-frameworks.sh\"\n";
			showEnvVarsInLog = 0;
		};
/* End PBXShellScriptBuildPhase section */

/* Begin PBXSourcesBuildPhase section */
		AEF4F35B2A03915C00869FA7 /* Sources */ = {
			isa = PBXSourcesBuildPhase;
			buildActionMask = 2147483647;
			files = (
				AEF4F3772A03AC8A00869FA7 /* MainPageViewController.swift in Sources */,
				AEF4F3672A03915C00869FA7 /* LogInViewController.swift in Sources */,
				AEF4F3632A03915C00869FA7 /* AppDelegate.swift in Sources */,
				AEDE3FA22A0B8A69001B949B /* ReceiveMsgProtocol.swift in Sources */,
				AEF4F3652A03915C00869FA7 /* SceneDelegate.swift in Sources */,
				AEDE3FAE2A0BC8B6001B949B /* StringExtensions.swift in Sources */,
				E8E664E42A08256D00750DC1 /* SubscribeToNewTopicViewController.swift in Sources */,
				AEDE3FAB2A0B8DA8001B949B /* Message.swift in Sources */,
				E8D3AEC62A0623B300FAB82C /* MqttManager.swift in Sources */,
				AEDE3FA82A0B8C80001B949B /* Constants.swift in Sources */,
			);
			runOnlyForDeploymentPostprocessing = 0;
		};
/* End PBXSourcesBuildPhase section */

/* Begin PBXVariantGroup section */
		AEF4F3682A03915C00869FA7 /* Main.storyboard */ = {
			isa = PBXVariantGroup;
			children = (
				AEF4F3692A03915C00869FA7 /* Base */,
			);
			name = Main.storyboard;
			sourceTree = "<group>";
		};
		AEF4F36D2A03915D00869FA7 /* LaunchScreen.storyboard */ = {
			isa = PBXVariantGroup;
			children = (
				AEF4F36E2A03915D00869FA7 /* Base */,
			);
			name = LaunchScreen.storyboard;
			sourceTree = "<group>";
		};
/* End PBXVariantGroup section */

/* Begin XCBuildConfiguration section */
		AEF4F3712A03915D00869FA7 /* Debug */ = {
			isa = XCBuildConfiguration;
			buildSettings = {
				ALWAYS_SEARCH_USER_PATHS = NO;
				CLANG_ANALYZER_NONNULL = YES;
				CLANG_ANALYZER_NUMBER_OBJECT_CONVERSION = YES_AGGRESSIVE;
				CLANG_CXX_LANGUAGE_STANDARD = "gnu++20";
				CLANG_ENABLE_MODULES = YES;
				CLANG_ENABLE_OBJC_ARC = YES;
				CLANG_ENABLE_OBJC_WEAK = YES;
				CLANG_WARN_BLOCK_CAPTURE_AUTORELEASING = YES;
				CLANG_WARN_BOOL_CONVERSION = YES;
				CLANG_WARN_COMMA = YES;
				CLANG_WARN_CONSTANT_CONVERSION = YES;
				CLANG_WARN_DEPRECATED_OBJC_IMPLEMENTATIONS = YES;
				CLANG_WARN_DIRECT_OBJC_ISA_USAGE = YES_ERROR;
				CLANG_WARN_DOCUMENTATION_COMMENTS = YES;
				CLANG_WARN_EMPTY_BODY = YES;
				CLANG_WARN_ENUM_CONVERSION = YES;
				CLANG_WARN_INFINITE_RECURSION = YES;
				CLANG_WARN_INT_CONVERSION = YES;
				CLANG_WARN_NON_LITERAL_NULL_CONVERSION = YES;
				CLANG_WARN_OBJC_IMPLICIT_RETAIN_SELF = YES;
				CLANG_WARN_OBJC_LITERAL_CONVERSION = YES;
				CLANG_WARN_OBJC_ROOT_CLASS = YES_ERROR;
				CLANG_WARN_QUOTED_INCLUDE_IN_FRAMEWORK_HEADER = YES;
				CLANG_WARN_RANGE_LOOP_ANALYSIS = YES;
				CLANG_WARN_STRICT_PROTOTYPES = YES;
				CLANG_WARN_SUSPICIOUS_MOVE = YES;
				CLANG_WARN_UNGUARDED_AVAILABILITY = YES_AGGRESSIVE;
				CLANG_WARN_UNREACHABLE_CODE = YES;
				CLANG_WARN__DUPLICATE_METHOD_MATCH = YES;
				COPY_PHASE_STRIP = NO;
				DEBUG_INFORMATION_FORMAT = dwarf;
				ENABLE_STRICT_OBJC_MSGSEND = YES;
				ENABLE_TESTABILITY = YES;
				GCC_C_LANGUAGE_STANDARD = gnu11;
				GCC_DYNAMIC_NO_PIC = NO;
				GCC_NO_COMMON_BLOCKS = YES;
				GCC_OPTIMIZATION_LEVEL = 0;
				GCC_PREPROCESSOR_DEFINITIONS = (
					"DEBUG=1",
					"$(inherited)",
				);
				GCC_WARN_64_TO_32_BIT_CONVERSION = YES;
				GCC_WARN_ABOUT_RETURN_TYPE = YES_ERROR;
				GCC_WARN_UNDECLARED_SELECTOR = YES;
				GCC_WARN_UNINITIALIZED_AUTOS = YES_AGGRESSIVE;
				GCC_WARN_UNUSED_FUNCTION = YES;
				GCC_WARN_UNUSED_VARIABLE = YES;
				IPHONEOS_DEPLOYMENT_TARGET = 16.4;
				MTL_ENABLE_DEBUG_INFO = INCLUDE_SOURCE;
				MTL_FAST_MATH = YES;
				ONLY_ACTIVE_ARCH = YES;
				SDKROOT = iphoneos;
				SWIFT_ACTIVE_COMPILATION_CONDITIONS = DEBUG;
				SWIFT_OPTIMIZATION_LEVEL = "-Onone";
			};
			name = Debug;
		};
		AEF4F3722A03915D00869FA7 /* Release */ = {
			isa = XCBuildConfiguration;
			buildSettings = {
				ALWAYS_SEARCH_USER_PATHS = NO;
				CLANG_ANALYZER_NONNULL = YES;
				CLANG_ANALYZER_NUMBER_OBJECT_CONVERSION = YES_AGGRESSIVE;
				CLANG_CXX_LANGUAGE_STANDARD = "gnu++20";
				CLANG_ENABLE_MODULES = YES;
				CLANG_ENABLE_OBJC_ARC = YES;
				CLANG_ENABLE_OBJC_WEAK = YES;
				CLANG_WARN_BLOCK_CAPTURE_AUTORELEASING = YES;
				CLANG_WARN_BOOL_CONVERSION = YES;
				CLANG_WARN_COMMA = YES;
				CLANG_WARN_CONSTANT_CONVERSION = YES;
				CLANG_WARN_DEPRECATED_OBJC_IMPLEMENTATIONS = YES;
				CLANG_WARN_DIRECT_OBJC_ISA_USAGE = YES_ERROR;
				CLANG_WARN_DOCUMENTATION_COMMENTS = YES;
				CLANG_WARN_EMPTY_BODY = YES;
				CLANG_WARN_ENUM_CONVERSION = YES;
				CLANG_WARN_INFINITE_RECURSION = YES;
				CLANG_WARN_INT_CONVERSION = YES;
				CLANG_WARN_NON_LITERAL_NULL_CONVERSION = YES;
				CLANG_WARN_OBJC_IMPLICIT_RETAIN_SELF = YES;
				CLANG_WARN_OBJC_LITERAL_CONVERSION = YES;
				CLANG_WARN_OBJC_ROOT_CLASS = YES_ERROR;
				CLANG_WARN_QUOTED_INCLUDE_IN_FRAMEWORK_HEADER = YES;
				CLANG_WARN_RANGE_LOOP_ANALYSIS = YES;
				CLANG_WARN_STRICT_PROTOTYPES = YES;
				CLANG_WARN_SUSPICIOUS_MOVE = YES;
				CLANG_WARN_UNGUARDED_AVAILABILITY = YES_AGGRESSIVE;
				CLANG_WARN_UNREACHABLE_CODE = YES;
				CLANG_WARN__DUPLICATE_METHOD_MATCH = YES;
				COPY_PHASE_STRIP = NO;
				DEBUG_INFORMATION_FORMAT = "dwarf-with-dsym";
				ENABLE_NS_ASSERTIONS = NO;
				ENABLE_STRICT_OBJC_MSGSEND = YES;
				GCC_C_LANGUAGE_STANDARD = gnu11;
				GCC_NO_COMMON_BLOCKS = YES;
				GCC_WARN_64_TO_32_BIT_CONVERSION = YES;
				GCC_WARN_ABOUT_RETURN_TYPE = YES_ERROR;
				GCC_WARN_UNDECLARED_SELECTOR = YES;
				GCC_WARN_UNINITIALIZED_AUTOS = YES_AGGRESSIVE;
				GCC_WARN_UNUSED_FUNCTION = YES;
				GCC_WARN_UNUSED_VARIABLE = YES;
				IPHONEOS_DEPLOYMENT_TARGET = 16.4;
				MTL_ENABLE_DEBUG_INFO = NO;
				MTL_FAST_MATH = YES;
				SDKROOT = iphoneos;
				SWIFT_COMPILATION_MODE = wholemodule;
				SWIFT_OPTIMIZATION_LEVEL = "-O";
				VALIDATE_PRODUCT = YES;
			};
			name = Release;
		};
		AEF4F3742A03915D00869FA7 /* Debug */ = {
			isa = XCBuildConfiguration;
			baseConfigurationReference = 3F601903B83AE1E178F2F3FF /* Pods-LightMeApp.debug.xcconfig */;
			buildSettings = {
				ASSETCATALOG_COMPILER_APPICON_NAME = AppIcon;
				ASSETCATALOG_COMPILER_GLOBAL_ACCENT_COLOR_NAME = AccentColor;
				CODE_SIGN_STYLE = Automatic;
				CURRENT_PROJECT_VERSION = 1;
				DEVELOPMENT_TEAM = B4MQ7F3ZR2;
				GENERATE_INFOPLIST_FILE = YES;
				HEADER_SEARCH_PATHS = (
					"$(inherited)",
					"\"${PODS_CONFIGURATION_BUILD_DIR}/CocoaMQTT/CocoaMQTT.framework/Headers\"",
					"\"${PODS_CONFIGURATION_BUILD_DIR}/Moscapsule/Moscapsule.framework/Headers\"",
					"\"${PODS_CONFIGURATION_BUILD_DIR}/MqttCocoaAsyncSocket/MqttCocoaAsyncSocket.framework/Headers\"",
					"\"${PODS_CONFIGURATION_BUILD_DIR}/Starscream/Starscream.framework/Headers\"",
					"\"${PODS_ROOT}/Headers/Public/OpenSSL-Universal\"",
					/usr/local/opt/openssl/lib,
					/usr/local/opt/openssl/include,
				);
				INFOPLIST_FILE = LightMeApp/Info.plist;
				INFOPLIST_KEY_UIApplicationSupportsIndirectInputEvents = YES;
				INFOPLIST_KEY_UILaunchStoryboardName = LaunchScreen;
				INFOPLIST_KEY_UIMainStoryboardFile = Main;
				INFOPLIST_KEY_UISupportedInterfaceOrientations_iPad = "UIInterfaceOrientationPortrait UIInterfaceOrientationPortraitUpsideDown UIInterfaceOrientationLandscapeLeft UIInterfaceOrientationLandscapeRight";
				INFOPLIST_KEY_UISupportedInterfaceOrientations_iPhone = "UIInterfaceOrientationPortrait UIInterfaceOrientationLandscapeLeft UIInterfaceOrientationLandscapeRight";
				LD_RUNPATH_SEARCH_PATHS = (
					"$(inherited)",
					"@executable_path/Frameworks",
				);
				MARKETING_VERSION = 1.0;
				PRODUCT_BUNDLE_IDENTIFIER = com.ddimitriadis.LightMeApp;
				PRODUCT_NAME = "$(TARGET_NAME)";
				SWIFT_EMIT_LOC_STRINGS = YES;
				SWIFT_VERSION = 5.0;
				TARGETED_DEVICE_FAMILY = "1,2";
			};
			name = Debug;
		};
		AEF4F3752A03915D00869FA7 /* Release */ = {
			isa = XCBuildConfiguration;
			baseConfigurationReference = CA6D8EE8FB95A298E8C2669B /* Pods-LightMeApp.release.xcconfig */;
			buildSettings = {
				ASSETCATALOG_COMPILER_APPICON_NAME = AppIcon;
				ASSETCATALOG_COMPILER_GLOBAL_ACCENT_COLOR_NAME = AccentColor;
				CODE_SIGN_STYLE = Automatic;
				CURRENT_PROJECT_VERSION = 1;
				DEVELOPMENT_TEAM = B4MQ7F3ZR2;
				GENERATE_INFOPLIST_FILE = YES;
				HEADER_SEARCH_PATHS = (
					"$(inherited)",
					"\"${PODS_CONFIGURATION_BUILD_DIR}/CocoaMQTT/CocoaMQTT.framework/Headers\"",
					"\"${PODS_CONFIGURATION_BUILD_DIR}/Moscapsule/Moscapsule.framework/Headers\"",
					"\"${PODS_CONFIGURATION_BUILD_DIR}/MqttCocoaAsyncSocket/MqttCocoaAsyncSocket.framework/Headers\"",
					"\"${PODS_CONFIGURATION_BUILD_DIR}/Starscream/Starscream.framework/Headers\"",
					"\"${PODS_ROOT}/Headers/Public/OpenSSL-Universal\"",
					/usr/local/opt/openssl/lib,
					/usr/local/opt/openssl/include,
				);
				INFOPLIST_FILE = LightMeApp/Info.plist;
				INFOPLIST_KEY_UIApplicationSupportsIndirectInputEvents = YES;
				INFOPLIST_KEY_UILaunchStoryboardName = LaunchScreen;
				INFOPLIST_KEY_UIMainStoryboardFile = Main;
				INFOPLIST_KEY_UISupportedInterfaceOrientations_iPad = "UIInterfaceOrientationPortrait UIInterfaceOrientationPortraitUpsideDown UIInterfaceOrientationLandscapeLeft UIInterfaceOrientationLandscapeRight";
				INFOPLIST_KEY_UISupportedInterfaceOrientations_iPhone = "UIInterfaceOrientationPortrait UIInterfaceOrientationLandscapeLeft UIInterfaceOrientationLandscapeRight";
				LD_RUNPATH_SEARCH_PATHS = (
					"$(inherited)",
					"@executable_path/Frameworks",
				);
				MARKETING_VERSION = 1.0;
				PRODUCT_BUNDLE_IDENTIFIER = com.ddimitriadis.LightMeApp;
				PRODUCT_NAME = "$(TARGET_NAME)";
				SWIFT_EMIT_LOC_STRINGS = YES;
				SWIFT_VERSION = 5.0;
				TARGETED_DEVICE_FAMILY = "1,2";
			};
			name = Release;
		};
/* End XCBuildConfiguration section */

/* Begin XCConfigurationList section */
		AEF4F35A2A03915C00869FA7 /* Build configuration list for PBXProject "LightMeApp" */ = {
			isa = XCConfigurationList;
			buildConfigurations = (
				AEF4F3712A03915D00869FA7 /* Debug */,
				AEF4F3722A03915D00869FA7 /* Release */,
			);
			defaultConfigurationIsVisible = 0;
			defaultConfigurationName = Release;
		};
		AEF4F3732A03915D00869FA7 /* Build configuration list for PBXNativeTarget "LightMeApp" */ = {
			isa = XCConfigurationList;
			buildConfigurations = (
				AEF4F3742A03915D00869FA7 /* Debug */,
				AEF4F3752A03915D00869FA7 /* Release */,
			);
			defaultConfigurationIsVisible = 0;
			defaultConfigurationName = Release;
		};
/* End XCConfigurationList section */
	};
	rootObject = AEF4F3572A03915C00869FA7 /* Project object */;
}
